
Microsoft Visual Studio Solution File, Format Version 12.00
# Visual Studio Version 16
VisualStudioVersion = 16.0.31205.134
MinimumVisualStudioVersion = 10.0.40219.1
Project("{8BC9CEB8-8B4A-11D0-8D11-00A0C91BC942}") = "FuturesFish", "FuturesFish.vcxproj", "{68AF3B68-7F35-4D3A-98E3-BC9316A7714C}"
EndProject
Global
	GlobalSection(SolutionConfigurationPlatforms) = preSolution
		Debug|x64 = Debug|x64
		Debug|x86 = Debug|x86
		Release|x64 = Release|x64
		Release|x86 = Release|x86
	EndGlobalSection
	GlobalSection(ProjectConfigurationPlatforms) = postSolution
		{68AF3B68-7F35-4D3A-98E3-BC9316A7714C}.Debug|x64.ActiveCfg = Debug|x64
		{68AF3B68-7F35-4D3A-98E3-BC9316A7714C}.Debug|x64.Build.0 = Debug|x64
		{68AF3B68-7F35-4D3A-98E3-BC9316A7714C}.Debug|x86.ActiveCfg = Debug|Win32
		{68AF3B68-7F35-4D3A-98E3-BC9316A7714C}.Debug|x86.Build.0 = Debug|Win32
		{68AF3B68-7F35-4D3A-98E3-BC9316A7714C}.Release|x64.ActiveCfg = Release|x64
		{68AF3B68-7F35-4D3A-98E3-BC9316A7714C}.Release|x64.Build.0 = Release|x64
		{68AF3B68-7F35-4D3A-98E3-BC9316A7714C}.Release|x86.ActiveCfg = Release|Win32
		{68AF3B68-7F35-4D3A-98E3-BC9316A7714C}.Release|x86.Build.0 = Release|Win32
	EndGlobalSection
	GlobalSection(SolutionProperties) = preSolution
		HideSolutionNode = FALSE
	EndGlobalSection
	GlobalSection(ExtensibilityGlobals) = postSolution
		SolutionGuid = {BBF10EEE-B3D3-4F6D-8A4C-63A613A65D6C}
	EndGlobalSection
EndGlobal
